
Microsoft Visual Studio Solution File, Format Version 12.00
# Visual Studio Version 16
VisualStudioVersion = 16.0.31402.337
MinimumVisualStudioVersion = 10.0.40219.1
Project("{FAE04EC0-301F-11D3-BF4B-00C04F79EFBC}") = "MVCProjeCampi", "MVCProjeCampi\MVCProjeCampi.csproj", "{66D97B5E-15E2-4328-B7E8-A56CE8E2F328}"
EndProject
Project("{FAE04EC0-301F-11D3-BF4B-00C04F79EFBC}") = "EntityLayer", "EntityLayer\EntityLayer.csproj", "{607FCD09-F5DA-440A-BF38-BCA88631AF83}"
EndProject
Project("{FAE04EC0-301F-11D3-BF4B-00C04F79EFBC}") = "DataAccessLayer", "DataAccessLayer\DataAccessLayer.csproj", "{DBAFA49B-0C04-40E0-9904-9BB89A513883}"
EndProject
Project("{FAE04EC0-301F-11D3-BF4B-00C04F79EFBC}") = "BusinessLayer", "BusinessLayer\BusinessLayer.csproj", "{EEF593B5-9430-49FD-97DD-E4F25C2452E2}"
EndProject
Global
	GlobalSection(SolutionConfigurationPlatforms) = preSolution
		Debug|Any CPU = Debug|Any CPU
		Release|Any CPU = Release|Any CPU
	EndGlobalSection
	GlobalSection(ProjectConfigurationPlatforms) = postSolution
		{66D97B5E-15E2-4328-B7E8-A56CE8E2F328}.Debug|Any CPU.ActiveCfg = Debug|Any CPU
		{66D97B5E-15E2-4328-B7E8-A56CE8E2F328}.Debug|Any CPU.Build.0 = Debug|Any CPU
		{66D97B5E-15E2-4328-B7E8-A56CE8E2F328}.Release|Any CPU.ActiveCfg = Release|Any CPU
		{66D97B5E-15E2-4328-B7E8-A56CE8E2F328}.Release|Any CPU.Build.0 = Release|Any CPU
		{607FCD09-F5DA-440A-BF38-BCA88631AF83}.Debug|Any CPU.ActiveCfg = Debug|Any CPU
		{607FCD09-F5DA-440A-BF38-BCA88631AF83}.Debug|Any CPU.Build.0 = Debug|Any CPU
		{607FCD09-F5DA-440A-BF38-BCA88631AF83}.Release|Any CPU.ActiveCfg = Release|Any CPU
		{607FCD09-F5DA-440A-BF38-BCA88631AF83}.Release|Any CPU.Build.0 = Release|Any CPU
		{DBAFA49B-0C04-40E0-9904-9BB89A513883}.Debug|Any CPU.ActiveCfg = Debug|Any CPU
		{DBAFA49B-0C04-40E0-9904-9BB89A513883}.Debug|Any CPU.Build.0 = Debug|Any CPU
		{DBAFA49B-0C04-40E0-9904-9BB89A513883}.Release|Any CPU.ActiveCfg = Release|Any CPU
		{DBAFA49B-0C04-40E0-9904-9BB89A513883}.Release|Any CPU.Build.0 = Release|Any CPU
		{EEF593B5-9430-49FD-97DD-E4F25C2452E2}.Debug|Any CPU.ActiveCfg = Debug|Any CPU
		{EEF593B5-9430-49FD-97DD-E4F25C2452E2}.Debug|Any CPU.Build.0 = Debug|Any CPU
		{EEF593B5-9430-49FD-97DD-E4F25C2452E2}.Release|Any CPU.ActiveCfg = Release|Any CPU
		{EEF593B5-9430-49FD-97DD-E4F25C2452E2}.Release|Any CPU.Build.0 = Release|Any CPU
	EndGlobalSection
	GlobalSection(SolutionProperties) = preSolution
		HideSolutionNode = FALSE
	EndGlobalSection
	GlobalSection(ExtensibilityGlobals) = postSolution
		SolutionGuid = {156D16C2-5677-427D-916E-9E1823A1C657}
	EndGlobalSection
EndGlobal
